
Microsoft Visual Studio Solution File, Format Version 12.00
# Visual Studio 15
VisualStudioVersion = 15.0.27428.2037
MinimumVisualStudioVersion = 10.0.40219.1
Project("{FAE04EC0-301F-11D3-BF4B-00C04F79EFBC}") = "BearerTest", "BearerTest\BearerTest.csproj", "{9A715A44-C9D9-4C67-A3C1-7641FE7ABBEB}"
EndProject
Global
	GlobalSection(SolutionConfigurationPlatforms) = preSolution
		Debug|Any CPU = Debug|Any CPU
		Release|Any CPU = Release|Any CPU
	EndGlobalSection
	GlobalSection(ProjectConfigurationPlatforms) = postSolution
		{9A715A44-C9D9-4C67-A3C1-7641FE7ABBEB}.Debug|Any CPU.ActiveCfg = Debug|Any CPU
		{9A715A44-C9D9-4C67-A3C1-7641FE7ABBEB}.Debug|Any CPU.Build.0 = Debug|Any CPU
		{9A715A44-C9D9-4C67-A3C1-7641FE7ABBEB}.Release|Any CPU.ActiveCfg = Release|Any CPU
		{9A715A44-C9D9-4C67-A3C1-7641FE7ABBEB}.Release|Any CPU.Build.0 = Release|Any CPU
	EndGlobalSection
	GlobalSection(SolutionProperties) = preSolution
		HideSolutionNode = FALSE
	EndGlobalSection
	GlobalSection(ExtensibilityGlobals) = postSolution
		SolutionGuid = {53DC6912-C210-4889-ADEA-AAD2BEF97921}
	EndGlobalSection
EndGlobal
